# This file was autogenerated by uv via the following command:
#    uv pip compile requirements.txt --python-version 3.11 -o requirements.lock
absl-py==2.5.0
    # via -r requirements.txt
aiohappyeyeballs==2.7.1
    # via aiohttp
aiohttp==3.14.3
    # via kubernetes
aiosignal==1.4.0
    # via aiohttp
attrs==26.1.0
    # via aiohttp
certifi==2026.7.22
    # via
    #   kubernetes
    #   requests
cffi==2.1.0
    # via cryptography
charset-normalizer==3.4.9
    # via requests
cryptography==49.0.0
    # via google-auth
docker==7.1.0
    # via -r requirements.txt
durationpy==0.10
    # via kubernetes
frozenlist==1.8.0
    # via
    #   aiohttp
    #   aiosignal
google-api-core==2.33.0
    # via
    #   google-api-python-client
    #   google-cloud-appengine-logging
    #   google-cloud-core
    #   google-cloud-logging
    #   google-cloud-monitoring
    #   google-cloud-secret-manager
google-api-python-client==2.198.0
    # via -r requirements.txt
google-auth==2.56.2
    # via
    #   -r requirements.txt
    #   google-api-core
    #   google-api-python-client
    #   google-auth-httplib2
    #   google-cloud-appengine-logging
    #   google-cloud-core
    #   google-cloud-logging
    #   google-cloud-monitoring
    #   google-cloud-secret-manager
google-auth-httplib2==0.4.0
    # via google-api-python-client
google-cloud-appengine-logging==1.10.0
    # via google-cloud-logging
google-cloud-audit-log==0.6.0
    # via google-cloud-logging
google-cloud-core==2.6.0
    # via google-cloud-logging
google-cloud-logging==3.16.1
    # via -r requirements.txt
google-cloud-monitoring==2.31.0
    # via -r requirements.txt
google-cloud-secret-manager==2.30.0
    # via -r requirements.txt
googleapis-common-protos==1.75.0
    # via
    #   google-api-core
    #   google-cloud-audit-log
    #   grpc-google-iam-v1
    #   grpcio-status
grpc-google-iam-v1==0.14.4
    # via
    #   google-cloud-logging
    #   google-cloud-secret-manager
grpcio==1.83.0
    # via
    #   -r requirements.txt
    #   google-api-core
    #   google-cloud-appengine-logging
    #   google-cloud-logging
    #   google-cloud-monitoring
    #   google-cloud-secret-manager
    #   googleapis-common-protos
    #   grpc-google-iam-v1
    #   grpcio-channelz
    #   grpcio-health-checking
    #   grpcio-status
    #   grpcio-tools
    #   xds-protos
grpcio-channelz==1.83.0
    # via -r requirements.txt
grpcio-health-checking==1.83.0
    # via -r requirements.txt
grpcio-status==1.83.0
    # via google-api-core
grpcio-tools==1.83.0
    # via -r requirements.txt
httplib2==0.32.0
    # via
    #   google-api-python-client
    #   google-auth-httplib2
idna==3.18
    # via
    #   requests
    #   yarl
kubernetes==36.0.3
    # via -r requirements.txt
mako==1.3.12
    # via -r requirements.txt
markupsafe==3.0.3
    # via mako
multidict==6.7.1
    # via
    #   aiohttp
    #   yarl
oauthlib==3.3.1
    # via requests-oauthlib
opentelemetry-api==1.44.0
    # via google-cloud-logging
packaging==26.2
    # via -r requirements.txt
propcache==0.5.2
    # via
    #   aiohttp
    #   yarl
proto-plus==1.28.2
    # via
    #   google-api-core
    #   google-cloud-appengine-logging
    #   google-cloud-logging
    #   google-cloud-monitoring
    #   google-cloud-secret-manager
protobuf==7.35.1
    # via
    #   -r requirements.txt
    #   google-api-core
    #   google-cloud-appengine-logging
    #   google-cloud-audit-log
    #   google-cloud-logging
    #   google-cloud-monitoring
    #   google-cloud-secret-manager
    #   googleapis-common-protos
    #   grpc-google-iam-v1
    #   grpcio-channelz
    #   grpcio-health-checking
    #   grpcio-status
    #   grpcio-tools
    #   proto-plus
    #   xds-protos
pyasn1==0.6.4
    # via pyasn1-modules
pyasn1-modules==0.4.2
    # via google-auth
pycparser==3.0
    # via cffi
pygments==2.20.0
    # via -r requirements.txt
pyparsing==3.3.2
    # via httplib2
python-dateutil==2.9.0.post0
    # via
    #   -r requirements.txt
    #   kubernetes
pyyaml==6.0.3
    # via
    #   -r requirements.txt
    #   kubernetes
requests==2.34.2
    # via
    #   -r requirements.txt
    #   docker
    #   google-api-core
    #   kubernetes
    #   requests-oauthlib
requests-oauthlib==2.0.0
    # via kubernetes
setuptools==83.0.0
    # via grpcio-tools
six==1.17.0
    # via
    #   -r requirements.txt
    #   kubernetes
    #   python-dateutil
tenacity==9.1.4
    # via -r requirements.txt
typing-extensions==4.16.0
    # via
    #   -r requirements.txt
    #   aiohttp
    #   aiosignal
    #   grpcio
    #   opentelemetry-api
uritemplate==4.2.0
    # via google-api-python-client
urllib3==2.7.0
    # via
    #   docker
    #   kubernetes
    #   requests
websocket-client==1.9.0
    # via kubernetes
xds-protos==1.83.0
    # via -r requirements.txt
yarl==1.24.5
    # via aiohttp
