#
# This file is autogenerated by pip-compile with Python 3.13
# by the following command:
#
#    pip-compile --output-file=requirements.lock requirements.txt
#
absl-py==2.1.0
    # via -r requirements.txt
cachetools==5.3.1
    # via google-auth
certifi==2023.7.22
    # via
    #   kubernetes
    #   requests
charset-normalizer==3.2.0
    # via requests
docker==7.1.0
    # via -r requirements.txt
google-api-core[grpc]==2.25.1
    # via
    #   google-api-python-client
    #   google-cloud-appengine-logging
    #   google-cloud-core
    #   google-cloud-logging
    #   google-cloud-monitoring
    #   google-cloud-secret-manager
google-api-python-client==1.12.11
    # via -r requirements.txt
google-auth==2.22.0
    # via
    #   google-api-core
    #   google-api-python-client
    #   google-auth-httplib2
    #   google-cloud-appengine-logging
    #   google-cloud-core
    #   google-cloud-logging
    #   google-cloud-monitoring
    #   google-cloud-secret-manager
    #   kubernetes
google-auth-httplib2==0.1.0
    # via google-api-python-client
google-cloud-appengine-logging==1.8.0
    # via google-cloud-logging
google-cloud-audit-log==0.4.0
    # via google-cloud-logging
google-cloud-core==2.5.0
    # via google-cloud-logging
google-cloud-logging==3.13.0
    # via -r requirements.txt
google-cloud-monitoring==2.27.2
    # via -r requirements.txt
google-cloud-secret-manager==2.24.0
    # via -r requirements.txt
googleapis-common-protos[grpc]==1.70.0
    # via
    #   google-api-core
    #   google-cloud-audit-log
    #   grpc-google-iam-v1
    #   grpcio-status
grpc-google-iam-v1==0.14.2
    # via
    #   google-cloud-logging
    #   google-cloud-secret-manager
grpcio==1.74.0
    # via
    #   -r requirements.txt
    #   google-api-core
    #   google-cloud-appengine-logging
    #   googleapis-common-protos
    #   grpc-google-iam-v1
    #   grpcio-channelz
    #   grpcio-health-checking
    #   grpcio-status
    #   grpcio-tools
    #   xds-protos
grpcio-channelz==1.74.0
    # via -r requirements.txt
grpcio-health-checking==1.74.0
    # via -r requirements.txt
grpcio-status==1.60.1
    # via google-api-core
grpcio-tools==1.74.0
    # via -r requirements.txt
httplib2==0.22.0
    # via
    #   google-api-python-client
    #   google-auth-httplib2
idna==3.4
    # via requests
importlib-metadata==8.7.1
    # via opentelemetry-api
kubernetes==30.1.0
    # via -r requirements.txt
mako==1.2.4
    # via -r requirements.txt
markupsafe==2.1.3
    # via mako
oauthlib==3.2.2
    # via
    #   kubernetes
    #   requests-oauthlib
opentelemetry-api==1.39.1
    # via google-cloud-logging
packaging==23.1
    # via -r requirements.txt
proto-plus==1.26.1
    # via
    #   google-api-core
    #   google-cloud-appengine-logging
    #   google-cloud-logging
    #   google-cloud-monitoring
    #   google-cloud-secret-manager
protobuf==6.32.0
    # via
    #   -r requirements.txt
    #   google-api-core
    #   google-cloud-appengine-logging
    #   google-cloud-audit-log
    #   google-cloud-logging
    #   google-cloud-monitoring
    #   google-cloud-secret-manager
    #   googleapis-common-protos
    #   grpc-google-iam-v1
    #   grpcio-channelz
    #   grpcio-health-checking
    #   grpcio-status
    #   grpcio-tools
    #   proto-plus
    #   xds-protos
pyasn1==0.5.0
    # via
    #   pyasn1-modules
    #   rsa
pyasn1-modules==0.3.0
    # via google-auth
pygments==2.14.0
    # via -r requirements.txt
pyparsing==3.1.1
    # via httplib2
python-dateutil==2.8.2
    # via
    #   -r requirements.txt
    #   kubernetes
pyyaml==6.0.1
    # via
    #   -r requirements.txt
    #   kubernetes
requests==2.31.0
    # via
    #   -r requirements.txt
    #   docker
    #   google-api-core
    #   kubernetes
    #   requests-oauthlib
requests-oauthlib==1.3.1
    # via kubernetes
rsa==4.9
    # via google-auth
six==1.16.0
    # via
    #   -r requirements.txt
    #   google-api-python-client
    #   google-auth
    #   google-auth-httplib2
    #   kubernetes
    #   python-dateutil
    #   tenacity
tenacity==6.3.1
    # via -r requirements.txt
typing-extensions==4.10.0
    # via
    #   -r requirements.txt
    #   opentelemetry-api
uritemplate==3.0.1
    # via google-api-python-client
urllib3==1.26.16
    # via
    #   docker
    #   google-auth
    #   kubernetes
    #   requests
websocket-client==1.6.2
    # via kubernetes
xds-protos==1.74.0
    # via -r requirements.txt
zipp==3.23.0
    # via importlib-metadata

# The following packages are considered to be unsafe in a requirements file:
# setuptools
